{
  "nodes": {
    "nixpkgs": {
      "locked": {
        "lastModified": 1789654592,
        "narHash": "sha256-vrwAiXmz+0hs/IWXZalFG/Ws6xQRcW+gClUDlfvcfjQ=",
        "rev": "ecc58f32d1069a3e3f8a991e2233d365689f748d",
        "revCount": 1014280,
        "type": "tarball",
        "url": "https://api.flakehub.com/f/pinned/NixOS/nixpkgs/0.2605.1014280%2Brev-ecc58f32d1069a3e3f8a991e2233d365689f748d/01a0b599-51db-7d81-b274-7b1835f88148/source.tar.gz"
      },
      "original": {
        "type": "tarball",
        "url": "https://flakehub.com/f/NixOS/nixpkgs/0"
      }
    },
    "root": {
      "inputs": {
        "nixpkgs": "nixpkgs"
      }
    }
  },
  "root": "root",
  "version": 7
}
